// !$*UTF8*$!
{
	archiveVersion = 1;
	classes = {
	};
	objectVersion = 56;
	objects = {

/* Begin PBXBuildFile section */
		A00100010000000100000001 /* PTNHypercubeWidgetApp.swift in Sources */ = {isa = PBXBuildFile; fileRef = A00200010000000100000001 /* PTNHypercubeWidgetApp.swift */; };
		A00100010000000100000003 /* RewardModels.swift in Sources */ = {isa = PBXBuildFile; fileRef = A00200010000000100000003 /* RewardModels.swift */; };
		A00100010000000100000004 /* RewardSchedule.swift in Sources */ = {isa = PBXBuildFile; fileRef = A00200010000000100000004 /* RewardSchedule.swift */; };
		A00100010000000100000005 /* RewardEngine.swift in Sources */ = {isa = PBXBuildFile; fileRef = A00200010000000100000005 /* RewardEngine.swift */; };
		A00100010000000100000006 /* AppStateStore.swift in Sources */ = {isa = PBXBuildFile; fileRef = A00200010000000100000006 /* AppStateStore.swift */; };
		A00100010000000100000007 /* MainWidgetView.swift in Sources */ = {isa = PBXBuildFile; fileRef = A00200010000000100000007 /* MainWidgetView.swift */; };
		A00100010000000100000008 /* Sheets.swift in Sources */ = {isa = PBXBuildFile; fileRef = A00200010000000100000008 /* Sheets.swift */; };
		A00100010000000100000009 /* WidgetSupportViews.swift in Sources */ = {isa = PBXBuildFile; fileRef = A0020001000000010000000A /* WidgetSupportViews.swift */; };
/* End PBXBuildFile section */

/* Begin PBXFileReference section */
		A00200010000000100000001 /* PTNHypercubeWidgetApp.swift */ = {isa = PBXFileReference; lastKnownFileType = sourcecode.swift; path = PTNHypercubeWidgetApp.swift; sourceTree = "<group>"; };
		A00200010000000100000003 /* RewardModels.swift */ = {isa = PBXFileReference; lastKnownFileType = sourcecode.swift; path = RewardModels.swift; sourceTree = "<group>"; };
		A00200010000000100000004 /* RewardSchedule.swift */ = {isa = PBXFileReference; lastKnownFileType = sourcecode.swift; path = RewardSchedule.swift; sourceTree = "<group>"; };
		A00200010000000100000005 /* RewardEngine.swift */ = {isa = PBXFileReference; lastKnownFileType = sourcecode.swift; path = RewardEngine.swift; sourceTree = "<group>"; };
		A00200010000000100000006 /* AppStateStore.swift */ = {isa = PBXFileReference; lastKnownFileType = sourcecode.swift; path = AppStateStore.swift; sourceTree = "<group>"; };
		A00200010000000100000007 /* MainWidgetView.swift */ = {isa = PBXFileReference; lastKnownFileType = sourcecode.swift; path = MainWidgetView.swift; sourceTree = "<group>"; };
		A00200010000000100000008 /* Sheets.swift */ = {isa = PBXFileReference; lastKnownFileType = sourcecode.swift; path = Sheets.swift; sourceTree = "<group>"; };
		A00200010000000100000009 /* PTNHypercubeWidget.app */ = {isa = PBXFileReference; explicitFileType = wrapper.application; includeInIndex = 0; path = PTNHypercubeWidget.app; sourceTree = BUILT_PRODUCTS_DIR; };
		A0020001000000010000000A /* WidgetSupportViews.swift */ = {isa = PBXFileReference; lastKnownFileType = sourcecode.swift; path = WidgetSupportViews.swift; sourceTree = "<group>"; };
/* End PBXFileReference section */

/* Begin PBXFrameworksBuildPhase section */
		A00300010000000100000001 /* Frameworks */ = {
			isa = PBXFrameworksBuildPhase;
			buildActionMask = 2147483647;
			files = (
			);
			runOnlyForDeploymentPostprocessing = 0;
		};
/* End PBXFrameworksBuildPhase section */

/* Begin PBXGroup section */
		A00400010000000100000001 = {
			isa = PBXGroup;
			children = (
				A00400010000000100000002 /* PTNHypercubeWidget */,
				A00400010000000100000007 /* Products */,
			);
			sourceTree = "<group>";
		};
		A00400010000000100000002 /* PTNHypercubeWidget */ = {
			isa = PBXGroup;
			children = (
				A00400010000000100000003 /* App */,
				A00400010000000100000004 /* Models */,
				A00400010000000100000005 /* RewardEngine */,
				A00400010000000100000006 /* Storage */,
				A00400010000000100000008 /* Views */,
			);
			path = PTNHypercubeWidget;
			sourceTree = "<group>";
		};
		A00400010000000100000003 /* App */ = {
			isa = PBXGroup;
			children = (
				A00200010000000100000001 /* PTNHypercubeWidgetApp.swift */,
			);
			path = App;
			sourceTree = "<group>";
		};
		A00400010000000100000004 /* Models */ = {
			isa = PBXGroup;
			children = (
				A00200010000000100000003 /* RewardModels.swift */,
			);
			path = Models;
			sourceTree = "<group>";
		};
		A00400010000000100000005 /* RewardEngine */ = {
			isa = PBXGroup;
			children = (
				A00200010000000100000004 /* RewardSchedule.swift */,
				A00200010000000100000005 /* RewardEngine.swift */,
			);
			path = RewardEngine;
			sourceTree = "<group>";
		};
		A00400010000000100000006 /* Storage */ = {
			isa = PBXGroup;
			children = (
				A00200010000000100000006 /* AppStateStore.swift */,
			);
			path = Storage;
			sourceTree = "<group>";
		};
		A00400010000000100000007 /* Products */ = {
			isa = PBXGroup;
			children = (
				A00200010000000100000009 /* PTNHypercubeWidget.app */,
			);
			name = Products;
			sourceTree = "<group>";
		};
		A00400010000000100000008 /* Views */ = {
			isa = PBXGroup;
			children = (
				A00200010000000100000007 /* MainWidgetView.swift */,
				A0020001000000010000000A /* WidgetSupportViews.swift */,
				A00200010000000100000008 /* Sheets.swift */,
			);
			path = Views;
			sourceTree = "<group>";
		};
/* End PBXGroup section */

/* Begin PBXNativeTarget section */
		A00500010000000100000001 /* PTNHypercubeWidget */ = {
			isa = PBXNativeTarget;
			buildConfigurationList = A00800010000000100000002 /* Build configuration list for PBXNativeTarget "PTNHypercubeWidget" */;
			buildPhases = (
				A00600010000000100000001 /* Sources */,
				A00300010000000100000001 /* Frameworks */,
				A00700010000000100000001 /* Resources */,
			);
			buildRules = (
			);
			dependencies = (
			);
			name = PTNHypercubeWidget;
			productName = PTNHypercubeWidget;
			productReference = A00200010000000100000009 /* PTNHypercubeWidget.app */;
			productType = "com.apple.product-type.application";
		};
/* End PBXNativeTarget section */

/* Begin PBXProject section */
		A00900010000000100000001 /* Project object */ = {
			isa = PBXProject;
			attributes = {
				BuildIndependentTargetsInParallel = 1;
				LastSwiftUpdateCheck = 1630;
				LastUpgradeCheck = 1630;
				TargetAttributes = {
					A00500010000000100000001 = {
						CreatedOnToolsVersion = 16.3;
					};
				};
			};
			buildConfigurationList = A00800010000000100000001 /* Build configuration list for PBXProject "PTNHypercubeWidget" */;
			compatibilityVersion = "Xcode 14.0";
			developmentRegion = en;
			hasScannedForEncodings = 0;
			knownRegions = (
				en,
				Base,
			);
			mainGroup = A00400010000000100000001;
			productRefGroup = A00400010000000100000007 /* Products */;
			projectDirPath = "";
			projectRoot = "";
			targets = (
				A00500010000000100000001 /* PTNHypercubeWidget */,
			);
		};
/* End PBXProject section */

/* Begin PBXResourcesBuildPhase section */
		A00700010000000100000001 /* Resources */ = {
			isa = PBXResourcesBuildPhase;
			buildActionMask = 2147483647;
			files = (
			);
			runOnlyForDeploymentPostprocessing = 0;
		};
/* End PBXResourcesBuildPhase section */

/* Begin PBXSourcesBuildPhase section */
		A00600010000000100000001 /* Sources */ = {
			isa = PBXSourcesBuildPhase;
			buildActionMask = 2147483647;
			files = (
				A00100010000000100000007 /* MainWidgetView.swift in Sources */,
				A00100010000000100000009 /* WidgetSupportViews.swift in Sources */,
				A00100010000000100000008 /* Sheets.swift in Sources */,
				A00100010000000100000003 /* RewardModels.swift in Sources */,
				A00100010000000100000004 /* RewardSchedule.swift in Sources */,
				A00100010000000100000005 /* RewardEngine.swift in Sources */,
				A00100010000000100000006 /* AppStateStore.swift in Sources */,
				A00100010000000100000001 /* PTNHypercubeWidgetApp.swift in Sources */,
			);
			runOnlyForDeploymentPostprocessing = 0;
		};
/* End PBXSourcesBuildPhase section */

/* Begin XCBuildConfiguration section */
		A00A00010000000100000001 /* Debug */ = {
			isa = XCBuildConfiguration;
			buildSettings = {
				ALWAYS_SEARCH_USER_PATHS = NO;
				CLANG_ENABLE_MODULES = YES;
				CLANG_ENABLE_OBJC_ARC = YES;
				CODE_SIGN_STYLE = Automatic;
				COPY_PHASE_STRIP = NO;
				DEVELOPMENT_TEAM = "";
				ENABLE_HARDENED_RUNTIME = YES;
				GCC_C_LANGUAGE_STANDARD = gnu17;
				GENERATE_INFOPLIST_FILE = YES;
				INFOPLIST_KEY_LSApplicationCategoryType = "public.app-category.utilities";
				INFOPLIST_KEY_NSHumanReadableCopyright = "";
				LD_RUNPATH_SEARCH_PATHS = (
					"$(inherited)",
					"@executable_path/../Frameworks",
				);
				MACOSX_DEPLOYMENT_TARGET = 14.0;
				PRODUCT_BUNDLE_IDENTIFIER = com.openai.PTNHypercubeWidget;
				PRODUCT_NAME = "$(TARGET_NAME)";
				SDKROOT = macosx;
				SWIFT_EMIT_LOC_STRINGS = YES;
				SWIFT_VERSION = 6.0;
			};
			name = Debug;
		};
		A00A00010000000100000002 /* Release */ = {
			isa = XCBuildConfiguration;
			buildSettings = {
				ALWAYS_SEARCH_USER_PATHS = NO;
				CLANG_ENABLE_MODULES = YES;
				CLANG_ENABLE_OBJC_ARC = YES;
				CODE_SIGN_STYLE = Automatic;
				COPY_PHASE_STRIP = NO;
				DEVELOPMENT_TEAM = "";
				ENABLE_HARDENED_RUNTIME = YES;
				GCC_C_LANGUAGE_STANDARD = gnu17;
				GENERATE_INFOPLIST_FILE = YES;
				INFOPLIST_KEY_LSApplicationCategoryType = "public.app-category.utilities";
				INFOPLIST_KEY_NSHumanReadableCopyright = "";
				LD_RUNPATH_SEARCH_PATHS = (
					"$(inherited)",
					"@executable_path/../Frameworks",
				);
				MACOSX_DEPLOYMENT_TARGET = 14.0;
				PRODUCT_BUNDLE_IDENTIFIER = com.openai.PTNHypercubeWidget;
				PRODUCT_NAME = "$(TARGET_NAME)";
				SDKROOT = macosx;
				SWIFT_EMIT_LOC_STRINGS = YES;
				SWIFT_VERSION = 6.0;
			};
			name = Release;
		};
		A00A00010000000100000003 /* Debug */ = {
			isa = XCBuildConfiguration;
			buildSettings = {
				ASSETCATALOG_COMPILER_GENERATE_SWIFT_ASSET_SYMBOL_EXTENSIONS = YES;
				CODE_SIGN_STYLE = Automatic;
				COMBINE_HIDPI_IMAGES = YES;
				CURRENT_PROJECT_VERSION = 1;
				DEVELOPMENT_TEAM = "";
				ENABLE_HARDENED_RUNTIME = YES;
				GENERATE_INFOPLIST_FILE = YES;
				INFOPLIST_KEY_CFBundleDisplayName = "异方晶";
				INFOPLIST_KEY_CFBundleName = "PTNHypercubeWidget";
				INFOPLIST_KEY_NSPrincipalClass = NSApplication;
				INFOPLIST_KEY_NSUserNotificationUsageDescription = "用于按日期显示异方晶可领取项。";
				LD_RUNPATH_SEARCH_PATHS = (
					"$(inherited)",
					"@executable_path/../Frameworks",
				);
				MACOSX_DEPLOYMENT_TARGET = 14.0;
				MARKETING_VERSION = 1.0;
				PRODUCT_BUNDLE_IDENTIFIER = com.openai.PTNHypercubeWidget;
				PRODUCT_NAME = "$(TARGET_NAME)";
				SDKROOT = macosx;
				SWIFT_EMIT_LOC_STRINGS = YES;
				SWIFT_VERSION = 6.0;
			};
			name = Debug;
		};
		A00A00010000000100000004 /* Release */ = {
			isa = XCBuildConfiguration;
			buildSettings = {
				ASSETCATALOG_COMPILER_GENERATE_SWIFT_ASSET_SYMBOL_EXTENSIONS = YES;
				CODE_SIGN_STYLE = Automatic;
				COMBINE_HIDPI_IMAGES = YES;
				CURRENT_PROJECT_VERSION = 1;
				DEVELOPMENT_TEAM = "";
				ENABLE_HARDENED_RUNTIME = YES;
				GENERATE_INFOPLIST_FILE = YES;
				INFOPLIST_KEY_CFBundleDisplayName = "异方晶";
				INFOPLIST_KEY_CFBundleName = "PTNHypercubeWidget";
				INFOPLIST_KEY_NSPrincipalClass = NSApplication;
				INFOPLIST_KEY_NSUserNotificationUsageDescription = "用于按日期显示异方晶可领取项。";
				LD_RUNPATH_SEARCH_PATHS = (
					"$(inherited)",
					"@executable_path/../Frameworks",
				);
				MACOSX_DEPLOYMENT_TARGET = 14.0;
				MARKETING_VERSION = 1.0;
				PRODUCT_BUNDLE_IDENTIFIER = com.openai.PTNHypercubeWidget;
				PRODUCT_NAME = "$(TARGET_NAME)";
				SDKROOT = macosx;
				SWIFT_EMIT_LOC_STRINGS = YES;
				SWIFT_VERSION = 6.0;
			};
			name = Release;
		};
/* End XCBuildConfiguration section */

/* Begin XCConfigurationList section */
		A00800010000000100000001 /* Build configuration list for PBXProject "PTNHypercubeWidget" */ = {
			isa = XCConfigurationList;
			buildConfigurations = (
				A00A00010000000100000001 /* Debug */,
				A00A00010000000100000002 /* Release */,
			);
			defaultConfigurationIsVisible = 0;
			defaultConfigurationName = Release;
		};
		A00800010000000100000002 /* Build configuration list for PBXNativeTarget "PTNHypercubeWidget" */ = {
			isa = XCConfigurationList;
			buildConfigurations = (
				A00A00010000000100000003 /* Debug */,
				A00A00010000000100000004 /* Release */,
			);
			defaultConfigurationIsVisible = 0;
			defaultConfigurationName = Release;
		};
/* End XCConfigurationList section */
	};
	rootObject = A00900010000000100000001 /* Project object */;
}
